
Microsoft Visual Studio Solution File, Format Version 12.00
# Visual Studio Version 16
VisualStudioVersion = 16.0.30413.136
MinimumVisualStudioVersion = 10.0.40219.1
Project("{FAE04EC0-301F-11D3-BF4B-00C04F79EFBC}") = "CityInfo.API", "CityInfo.API.csproj", "{0D25C7F0-47F8-4A1A-BF34-7E22C93D8F5C}"
EndProject
Global
	GlobalSection(SolutionConfigurationPlatforms) = preSolution
		Debug|Any CPU = Debug|Any CPU
		Release|Any CPU = Release|Any CPU
	EndGlobalSection
	GlobalSection(ProjectConfigurationPlatforms) = postSolution
		{0D25C7F0-47F8-4A1A-BF34-7E22C93D8F5C}.Debug|Any CPU.ActiveCfg = Debug|Any CPU
		{0D25C7F0-47F8-4A1A-BF34-7E22C93D8F5C}.Debug|Any CPU.Build.0 = Debug|Any CPU
		{0D25C7F0-47F8-4A1A-BF34-7E22C93D8F5C}.Release|Any CPU.ActiveCfg = Release|Any CPU
		{0D25C7F0-47F8-4A1A-BF34-7E22C93D8F5C}.Release|Any CPU.Build.0 = Release|Any CPU
	EndGlobalSection
	GlobalSection(SolutionProperties) = preSolution
		HideSolutionNode = FALSE
	EndGlobalSection
	GlobalSection(ExtensibilityGlobals) = postSolution
		SolutionGuid = {BD28D2F1-3FED-4694-960D-095CDAC4157E}
	EndGlobalSection
EndGlobal
